
Microsoft Visual Studio Solution File, Format Version 12.00
# Visual Studio Version 17
VisualStudioVersion = 17.0.32014.148
MinimumVisualStudioVersion = 10.0.40219.1
Project("{9A19103F-16F7-4668-BE54-9A1E7A4F7556}") = "RestaurantApp", "RestaurantApp\RestaurantApp.csproj", "{123BA9F5-7EC9-41CA-8854-6D0DA88084D9}"
EndProject
Project("{2150E333-8FDC-42A3-9474-1A3956D46DE8}") = "tasks", "tasks", "{3589FE9D-C7BB-4E19-9539-7FD35DED376C}"
	ProjectSection(SolutionItems) = preProject
		task-1.txt = task-1.txt
	EndProjectSection
EndProject
Global
	GlobalSection(SolutionConfigurationPlatforms) = preSolution
		Debug|Any CPU = Debug|Any CPU
		Release|Any CPU = Release|Any CPU
	EndGlobalSection
	GlobalSection(ProjectConfigurationPlatforms) = postSolution
		{123BA9F5-7EC9-41CA-8854-6D0DA88084D9}.Debug|Any CPU.ActiveCfg = Debug|Any CPU
		{123BA9F5-7EC9-41CA-8854-6D0DA88084D9}.Debug|Any CPU.Build.0 = Debug|Any CPU
		{123BA9F5-7EC9-41CA-8854-6D0DA88084D9}.Release|Any CPU.ActiveCfg = Release|Any CPU
		{123BA9F5-7EC9-41CA-8854-6D0DA88084D9}.Release|Any CPU.Build.0 = Release|Any CPU
	EndGlobalSection
	GlobalSection(SolutionProperties) = preSolution
		HideSolutionNode = FALSE
	EndGlobalSection
	GlobalSection(ExtensibilityGlobals) = postSolution
		SolutionGuid = {7BA66AD6-FF2D-4A4B-BFF9-4A55393A5D53}
	EndGlobalSection
EndGlobal
