
Microsoft Visual Studio Solution File, Format Version 12.00
# Visual Studio Version 17
VisualStudioVersion = 17.0.32014.148
MinimumVisualStudioVersion = 10.0.40219.1
Project("{2150E333-8FDC-42A3-9474-1A3956D46DE8}") = "tasks", "tasks", "{3589FE9D-C7BB-4E19-9539-7FD35DED376C}"
	ProjectSection(SolutionItems) = preProject
		tasks\task-1.txt = tasks\task-1.txt
		tasks\task-2.txt = tasks\task-2.txt
		tasks\task-3.txt = tasks\task-3.txt
		tasks\task-4.txt = tasks\task-4.txt
		tasks\task-5.txt = tasks\task-5.txt
	EndProjectSection
EndProject
Project("{9A19103F-16F7-4668-BE54-9A1E7A4F7556}") = "Restaurant.Messaging", "Restaurant.Messaging\Restaurant.Messaging.csproj", "{F94DCBE1-162B-40F4-A137-E2A2082CD346}"
EndProject
Project("{9A19103F-16F7-4668-BE54-9A1E7A4F7556}") = "Restaurant.Notification", "Restaurant.Notification\Restaurant.Notification.csproj", "{F6F20B9A-A3EE-4449-9FB5-75D2267EB3C4}"
EndProject
Project("{9A19103F-16F7-4668-BE54-9A1E7A4F7556}") = "Restaurant.Booking", "Restaurant.Booking\Restaurant.Booking.csproj", "{0FA5E40A-59AB-41B0-9916-4D7072F907C3}"
EndProject
Project("{9A19103F-16F7-4668-BE54-9A1E7A4F7556}") = "Restaurant.Kitchen", "Restaurant.Kitchen\Restaurant.Kitchen.csproj", "{F2667277-D5DC-4AAF-9899-75C0721C759F}"
EndProject
Global
	GlobalSection(SolutionConfigurationPlatforms) = preSolution
		Debug|Any CPU = Debug|Any CPU
		Release|Any CPU = Release|Any CPU
	EndGlobalSection
	GlobalSection(ProjectConfigurationPlatforms) = postSolution
		{F94DCBE1-162B-40F4-A137-E2A2082CD346}.Debug|Any CPU.ActiveCfg = Debug|Any CPU
		{F94DCBE1-162B-40F4-A137-E2A2082CD346}.Debug|Any CPU.Build.0 = Debug|Any CPU
		{F94DCBE1-162B-40F4-A137-E2A2082CD346}.Release|Any CPU.ActiveCfg = Release|Any CPU
		{F94DCBE1-162B-40F4-A137-E2A2082CD346}.Release|Any CPU.Build.0 = Release|Any CPU
		{F6F20B9A-A3EE-4449-9FB5-75D2267EB3C4}.Debug|Any CPU.ActiveCfg = Debug|Any CPU
		{F6F20B9A-A3EE-4449-9FB5-75D2267EB3C4}.Debug|Any CPU.Build.0 = Debug|Any CPU
		{F6F20B9A-A3EE-4449-9FB5-75D2267EB3C4}.Release|Any CPU.ActiveCfg = Release|Any CPU
		{F6F20B9A-A3EE-4449-9FB5-75D2267EB3C4}.Release|Any CPU.Build.0 = Release|Any CPU
		{0FA5E40A-59AB-41B0-9916-4D7072F907C3}.Debug|Any CPU.ActiveCfg = Debug|Any CPU
		{0FA5E40A-59AB-41B0-9916-4D7072F907C3}.Debug|Any CPU.Build.0 = Debug|Any CPU
		{0FA5E40A-59AB-41B0-9916-4D7072F907C3}.Release|Any CPU.ActiveCfg = Release|Any CPU
		{0FA5E40A-59AB-41B0-9916-4D7072F907C3}.Release|Any CPU.Build.0 = Release|Any CPU
		{F2667277-D5DC-4AAF-9899-75C0721C759F}.Debug|Any CPU.ActiveCfg = Debug|Any CPU
		{F2667277-D5DC-4AAF-9899-75C0721C759F}.Debug|Any CPU.Build.0 = Debug|Any CPU
		{F2667277-D5DC-4AAF-9899-75C0721C759F}.Release|Any CPU.ActiveCfg = Release|Any CPU
		{F2667277-D5DC-4AAF-9899-75C0721C759F}.Release|Any CPU.Build.0 = Release|Any CPU
	EndGlobalSection
	GlobalSection(SolutionProperties) = preSolution
		HideSolutionNode = FALSE
	EndGlobalSection
	GlobalSection(ExtensibilityGlobals) = postSolution
		SolutionGuid = {7BA66AD6-FF2D-4A4B-BFF9-4A55393A5D53}
	EndGlobalSection
EndGlobal
